// !$*UTF8*$!
{
	archiveVersion = 1;
	classes = {
	};
	objectVersion = 46;
	objects = {

/* Begin PBXBuildFile section */
		66F615671A45C43A0059E53E /* main.m in Sources */ = {isa = PBXBuildFile; fileRef = 66F615661A45C43A0059E53E /* main.m */; };
		66F6156A1A45C43A0059E53E /* AppDelegate.m in Sources */ = {isa = PBXBuildFile; fileRef = 66F615691A45C43A0059E53E /* AppDelegate.m */; };
		66F6156D1A45C43A0059E53E /* ViewController.m in Sources */ = {isa = PBXBuildFile; fileRef = 66F6156C1A45C43A0059E53E /* ViewController.m */; };
		66F615701A45C43A0059E53E /* Main.storyboard in Resources */ = {isa = PBXBuildFile; fileRef = 66F6156E1A45C43A0059E53E /* Main.storyboard */; };
		66F615721A45C43A0059E53E /* Images.xcassets in Resources */ = {isa = PBXBuildFile; fileRef = 66F615711A45C43A0059E53E /* Images.xcassets */; };
		66F615751A45C43A0059E53E /* LaunchScreen.xib in Resources */ = {isa = PBXBuildFile; fileRef = 66F615731A45C43A0059E53E /* LaunchScreen.xib */; };
		66F6158C1A45C82B0059E53E /* UlinkSender.m in Sources */ = {isa = PBXBuildFile; fileRef = 66F6158B1A45C82B0059E53E /* UlinkSender.m */; };
/* End PBXBuildFile section */

/* Begin PBXFileReference section */
		66F615611A45C43A0059E53E /* ulink.app */ = {isa = PBXFileReference; explicitFileType = wrapper.application; includeInIndex = 0; path = ulink.app; sourceTree = BUILT_PRODUCTS_DIR; };
		66F615651A45C43A0059E53E /* Info.plist */ = {isa = PBXFileReference; lastKnownFileType = text.plist.xml; path = Info.plist; sourceTree = "<group>"; };
		66F615661A45C43A0059E53E /* main.m */ = {isa = PBXFileReference; lastKnownFileType = sourcecode.c.objc; path = main.m; sourceTree = "<group>"; };
		66F615681A45C43A0059E53E /* AppDelegate.h */ = {isa = PBXFileReference; lastKnownFileType = sourcecode.c.h; path = AppDelegate.h; sourceTree = "<group>"; };
		66F615691A45C43A0059E53E /* AppDelegate.m */ = {isa = PBXFileReference; lastKnownFileType = sourcecode.c.objc; path = AppDelegate.m; sourceTree = "<group>"; };
		66F6156B1A45C43A0059E53E /* ViewController.h */ = {isa = PBXFileReference; lastKnownFileType = sourcecode.c.h; path = ViewController.h; sourceTree = "<group>"; };
		66F6156C1A45C43A0059E53E /* ViewController.m */ = {isa = PBXFileReference; lastKnownFileType = sourcecode.c.objc; path = ViewController.m; sourceTree = "<group>"; };
		66F6156F1A45C43A0059E53E /* Base */ = {isa = PBXFileReference; lastKnownFileType = file.storyboard; name = Base; path = Base.lproj/Main.storyboard; sourceTree = "<group>"; };
		66F615711A45C43A0059E53E /* Images.xcassets */ = {isa = PBXFileReference; lastKnownFileType = folder.assetcatalog; path = Images.xcassets; sourceTree = "<group>"; };
		66F615741A45C43A0059E53E /* Base */ = {isa = PBXFileReference; lastKnownFileType = file.xib; name = Base; path = Base.lproj/LaunchScreen.xib; sourceTree = "<group>"; };
		66F6158A1A45C82B0059E53E /* UlinkSender.h */ = {isa = PBXFileReference; fileEncoding = 4; lastKnownFileType = sourcecode.c.h; path = UlinkSender.h; sourceTree = "<group>"; };
		66F6158B1A45C82B0059E53E /* UlinkSender.m */ = {isa = PBXFileReference; fileEncoding = 4; lastKnownFileType = sourcecode.c.objc; path = UlinkSender.m; sourceTree = "<group>"; };
/* End PBXFileReference section */

/* Begin PBXFrameworksBuildPhase section */
		66F6155E1A45C43A0059E53E /* Frameworks */ = {
			isa = PBXFrameworksBuildPhase;
			buildActionMask = 2147483647;
			files = (
			);
			runOnlyForDeploymentPostprocessing = 0;
		};
/* End PBXFrameworksBuildPhase section */

/* Begin PBXGroup section */
		66F615581A45C43A0059E53E = {
			isa = PBXGroup;
			children = (
				66F615631A45C43A0059E53E /* ulink */,
				66F615621A45C43A0059E53E /* Products */,
			);
			sourceTree = "<group>";
		};
		66F615621A45C43A0059E53E /* Products */ = {
			isa = PBXGroup;
			children = (
				66F615611A45C43A0059E53E /* ulink.app */,
			);
			name = Products;
			sourceTree = "<group>";
		};
		66F615631A45C43A0059E53E /* ulink */ = {
			isa = PBXGroup;
			children = (
				66F615681A45C43A0059E53E /* AppDelegate.h */,
				66F615691A45C43A0059E53E /* AppDelegate.m */,
				66F6156B1A45C43A0059E53E /* ViewController.h */,
				66F6156C1A45C43A0059E53E /* ViewController.m */,
				66F6156E1A45C43A0059E53E /* Main.storyboard */,
				66F615711A45C43A0059E53E /* Images.xcassets */,
				66F615731A45C43A0059E53E /* LaunchScreen.xib */,
				66F615641A45C43A0059E53E /* Supporting Files */,
				66F6158A1A45C82B0059E53E /* UlinkSender.h */,
				66F6158B1A45C82B0059E53E /* UlinkSender.m */,
			);
			path = ulink;
			sourceTree = "<group>";
		};
		66F615641A45C43A0059E53E /* Supporting Files */ = {
			isa = PBXGroup;
			children = (
				66F615651A45C43A0059E53E /* Info.plist */,
				66F615661A45C43A0059E53E /* main.m */,
			);
			name = "Supporting Files";
			sourceTree = "<group>";
		};
/* End PBXGroup section */

/* Begin PBXNativeTarget section */
		66F615601A45C43A0059E53E /* ulink */ = {
			isa = PBXNativeTarget;
			buildConfigurationList = 66F615841A45C43A0059E53E /* Build configuration list for PBXNativeTarget "ulink" */;
			buildPhases = (
				66F6155D1A45C43A0059E53E /* Sources */,
				66F6155E1A45C43A0059E53E /* Frameworks */,
				66F6155F1A45C43A0059E53E /* Resources */,
			);
			buildRules = (
			);
			dependencies = (
			);
			name = ulink;
			productName = ulink;
			productReference = 66F615611A45C43A0059E53E /* ulink.app */;
			productType = "com.apple.product-type.application";
		};
/* End PBXNativeTarget section */

/* Begin PBXProject section */
		66F615591A45C43A0059E53E /* Project object */ = {
			isa = PBXProject;
			attributes = {
				LastUpgradeCheck = 0610;
				ORGANIZATIONNAME = matrix;
				TargetAttributes = {
					66F615601A45C43A0059E53E = {
						CreatedOnToolsVersion = 6.1;
						DevelopmentTeam = HZPD7MN3P5;
					};
				};
			};
			buildConfigurationList = 66F6155C1A45C43A0059E53E /* Build configuration list for PBXProject "ulink" */;
			compatibilityVersion = "Xcode 3.2";
			developmentRegion = English;
			hasScannedForEncodings = 0;
			knownRegions = (
				en,
				Base,
			);
			mainGroup = 66F615581A45C43A0059E53E;
			productRefGroup = 66F615621A45C43A0059E53E /* Products */;
			projectDirPath = "";
			projectRoot = "";
			targets = (
				66F615601A45C43A0059E53E /* ulink */,
			);
		};
/* End PBXProject section */

/* Begin PBXResourcesBuildPhase section */
		66F6155F1A45C43A0059E53E /* Resources */ = {
			isa = PBXResourcesBuildPhase;
			buildActionMask = 2147483647;
			files = (
				66F615701A45C43A0059E53E /* Main.storyboard in Resources */,
				66F615751A45C43A0059E53E /* LaunchScreen.xib in Resources */,
				66F615721A45C43A0059E53E /* Images.xcassets in Resources */,
			);
			runOnlyForDeploymentPostprocessing = 0;
		};
/* End PBXResourcesBuildPhase section */

/* Begin PBXSourcesBuildPhase section */
		66F6155D1A45C43A0059E53E /* Sources */ = {
			isa = PBXSourcesBuildPhase;
			buildActionMask = 2147483647;
			files = (
				66F6158C1A45C82B0059E53E /* UlinkSender.m in Sources */,
				66F6156D1A45C43A0059E53E /* ViewController.m in Sources */,
				66F6156A1A45C43A0059E53E /* AppDelegate.m in Sources */,
				66F615671A45C43A0059E53E /* main.m in Sources */,
			);
			runOnlyForDeploymentPostprocessing = 0;
		};
/* End PBXSourcesBuildPhase section */

/* Begin PBXVariantGroup section */
		66F6156E1A45C43A0059E53E /* Main.storyboard */ = {
			isa = PBXVariantGroup;
			children = (
				66F6156F1A45C43A0059E53E /* Base */,
			);
			name = Main.storyboard;
			sourceTree = "<group>";
		};
		66F615731A45C43A0059E53E /* LaunchScreen.xib */ = {
			isa = PBXVariantGroup;
			children = (
				66F615741A45C43A0059E53E /* Base */,
			);
			name = LaunchScreen.xib;
			sourceTree = "<group>";
		};
/* End PBXVariantGroup section */

/* Begin XCBuildConfiguration section */
		66F615821A45C43A0059E53E /* Debug */ = {
			isa = XCBuildConfiguration;
			buildSettings = {
				ALWAYS_SEARCH_USER_PATHS = NO;
				CLANG_CXX_LANGUAGE_STANDARD = "gnu++0x";
				CLANG_CXX_LIBRARY = "libc++";
				CLANG_ENABLE_MODULES = YES;
				CLANG_ENABLE_OBJC_ARC = YES;
				CLANG_WARN_BOOL_CONVERSION = YES;
				CLANG_WARN_CONSTANT_CONVERSION = YES;
				CLANG_WARN_DIRECT_OBJC_ISA_USAGE = YES_ERROR;
				CLANG_WARN_EMPTY_BODY = YES;
				CLANG_WARN_ENUM_CONVERSION = YES;
				CLANG_WARN_INT_CONVERSION = YES;
				CLANG_WARN_OBJC_ROOT_CLASS = YES_ERROR;
				CLANG_WARN_UNREACHABLE_CODE = YES;
				CLANG_WARN__DUPLICATE_METHOD_MATCH = YES;
				"CODE_SIGN_IDENTITY[sdk=iphoneos*]" = "iPhone Developer";
				COPY_PHASE_STRIP = NO;
				ENABLE_STRICT_OBJC_MSGSEND = YES;
				GCC_C_LANGUAGE_STANDARD = gnu99;
				GCC_DYNAMIC_NO_PIC = NO;
				GCC_OPTIMIZATION_LEVEL = 0;
				GCC_PREPROCESSOR_DEFINITIONS = (
					"DEBUG=1",
					"$(inherited)",
				);
				GCC_SYMBOLS_PRIVATE_EXTERN = NO;
				GCC_WARN_64_TO_32_BIT_CONVERSION = YES;
				GCC_WARN_ABOUT_RETURN_TYPE = YES_ERROR;
				GCC_WARN_UNDECLARED_SELECTOR = YES;
				GCC_WARN_UNINITIALIZED_AUTOS = YES_AGGRESSIVE;
				GCC_WARN_UNUSED_FUNCTION = YES;
				GCC_WARN_UNUSED_VARIABLE = YES;
				IPHONEOS_DEPLOYMENT_TARGET = 6.0;
				MTL_ENABLE_DEBUG_INFO = YES;
				ONLY_ACTIVE_ARCH = YES;
				SDKROOT = iphoneos;
			};
			name = Debug;
		};
		66F615831A45C43A0059E53E /* Release */ = {
			isa = XCBuildConfiguration;
			buildSettings = {
				ALWAYS_SEARCH_USER_PATHS = NO;
				CLANG_CXX_LANGUAGE_STANDARD = "gnu++0x";
				CLANG_CXX_LIBRARY = "libc++";
				CLANG_ENABLE_MODULES = YES;
				CLANG_ENABLE_OBJC_ARC = YES;
				CLANG_WARN_BOOL_CONVERSION = YES;
				CLANG_WARN_CONSTANT_CONVERSION = YES;
				CLANG_WARN_DIRECT_OBJC_ISA_USAGE = YES_ERROR;
				CLANG_WARN_EMPTY_BODY = YES;
				CLANG_WARN_ENUM_CONVERSION = YES;
				CLANG_WARN_INT_CONVERSION = YES;
				CLANG_WARN_OBJC_ROOT_CLASS = YES_ERROR;
				CLANG_WARN_UNREACHABLE_CODE = YES;
				CLANG_WARN__DUPLICATE_METHOD_MATCH = YES;
				"CODE_SIGN_IDENTITY[sdk=iphoneos*]" = "iPhone Developer";
				COPY_PHASE_STRIP = YES;
				ENABLE_NS_ASSERTIONS = NO;
				ENABLE_STRICT_OBJC_MSGSEND = YES;
				GCC_C_LANGUAGE_STANDARD = gnu99;
				GCC_WARN_64_TO_32_BIT_CONVERSION = YES;
				GCC_WARN_ABOUT_RETURN_TYPE = YES_ERROR;
				GCC_WARN_UNDECLARED_SELECTOR = YES;
				GCC_WARN_UNINITIALIZED_AUTOS = YES_AGGRESSIVE;
				GCC_WARN_UNUSED_FUNCTION = YES;
				GCC_WARN_UNUSED_VARIABLE = YES;
				IPHONEOS_DEPLOYMENT_TARGET = 6.0;
				MTL_ENABLE_DEBUG_INFO = NO;
				SDKROOT = iphoneos;
				VALIDATE_PRODUCT = YES;
			};
			name = Release;
		};
		66F615851A45C43A0059E53E /* Debug */ = {
			isa = XCBuildConfiguration;
			buildSettings = {
				ASSETCATALOG_COMPILER_APPICON_NAME = AppIcon;
				CODE_SIGN_IDENTITY = "iPhone Developer";
				INFOPLIST_FILE = ulink/Info.plist;
				IPHONEOS_DEPLOYMENT_TARGET = 6.0;
				LD_RUNPATH_SEARCH_PATHS = "$(inherited) @executable_path/Frameworks";
				PRODUCT_NAME = "$(TARGET_NAME)";
			};
			name = Debug;
		};
		66F615861A45C43A0059E53E /* Release */ = {
			isa = XCBuildConfiguration;
			buildSettings = {
				ASSETCATALOG_COMPILER_APPICON_NAME = AppIcon;
				CODE_SIGN_IDENTITY = "iPhone Developer";
				INFOPLIST_FILE = ulink/Info.plist;
				IPHONEOS_DEPLOYMENT_TARGET = 6.0;
				LD_RUNPATH_SEARCH_PATHS = "$(inherited) @executable_path/Frameworks";
				PRODUCT_NAME = "$(TARGET_NAME)";
			};
			name = Release;
		};
/* End XCBuildConfiguration section */

/* Begin XCConfigurationList section */
		66F6155C1A45C43A0059E53E /* Build configuration list for PBXProject "ulink" */ = {
			isa = XCConfigurationList;
			buildConfigurations = (
				66F615821A45C43A0059E53E /* Debug */,
				66F615831A45C43A0059E53E /* Release */,
			);
			defaultConfigurationIsVisible = 0;
			defaultConfigurationName = Release;
		};
		66F615841A45C43A0059E53E /* Build configuration list for PBXNativeTarget "ulink" */ = {
			isa = XCConfigurationList;
			buildConfigurations = (
				66F615851A45C43A0059E53E /* Debug */,
				66F615861A45C43A0059E53E /* Release */,
			);
			defaultConfigurationIsVisible = 0;
		};
/* End XCConfigurationList section */
	};
	rootObject = 66F615591A45C43A0059E53E /* Project object */;
}
